Microsoft Visual Studio Solution File, Format Version 12.00
# Visual Studio Version 17
VisualStudioVersion = 17.5.2.0
MinimumVisualStudioVersion = 10.0.40219.1
Project("{FAE04EC0-301F-11D3-BF4B-00C04F79EFBC}") = "pokemon-backend", "pokemon-backend.csproj", "{5692FAED-4AA1-B1BD-C961-7A2BA46B54DC}"
EndProject
Global
	GlobalSection(SolutionConfigurationPlatforms) = preSolution
		Debug|Any CPU = Debug|Any CPU
		Release|Any CPU = Release|Any CPU
	EndGlobalSection
	GlobalSection(ProjectConfigurationPlatforms) = postSolution
		{5692FAED-4AA1-B1BD-C961-7A2BA46B54DC}.Debug|Any CPU.ActiveCfg = Debug|Any CPU
		{5692FAED-4AA1-B1BD-C961-7A2BA46B54DC}.Debug|Any CPU.Build.0 = Debug|Any CPU
		{5692FAED-4AA1-B1BD-C961-7A2BA46B54DC}.Release|Any CPU.ActiveCfg = Release|Any CPU
		{5692FAED-4AA1-B1BD-C961-7A2BA46B54DC}.Release|Any CPU.Build.0 = Release|Any CPU
	EndGlobalSection
	GlobalSection(SolutionProperties) = preSolution
		HideSolutionNode = FALSE
	EndGlobalSection
	GlobalSection(ExtensibilityGlobals) = postSolution
		SolutionGuid = {BAA82D17-1B54-4677-A310-CB45123161B6}
	EndGlobalSection
EndGlobal
